// !$*UTF8*$!
{
	archiveVersion = 1;
	classes = {
	};
	objectVersion = 56;
	objects = {

/* Begin PBXBuildFile section */
		ECE8C61929F0AE6F00810EB2 /* AppDelegate.swift in Sources */ = {isa = PBXBuildFile; fileRef = ECE8C61829F0AE6F00810EB2 /* AppDelegate.swift */; };
		ECE8C61B29F0AE6F00810EB2 /* SceneDelegate.swift in Sources */ = {isa = PBXBuildFile; fileRef = ECE8C61A29F0AE6F00810EB2 /* SceneDelegate.swift */; };
		ECE8C61D29F0AE6F00810EB2 /* RMTabBarController.swift in Sources */ = {isa = PBXBuildFile; fileRef = ECE8C61C29F0AE6F00810EB2 /* RMTabBarController.swift */; };
		ECE8C62229F0AE7000810EB2 /* Assets.xcassets in Resources */ = {isa = PBXBuildFile; fileRef = ECE8C62129F0AE7000810EB2 /* Assets.xcassets */; };
		ECE8C62529F0AE7000810EB2 /* LaunchScreen.storyboard in Resources */ = {isa = PBXBuildFile; fileRef = ECE8C62329F0AE7000810EB2 /* LaunchScreen.storyboard */; };
		ECE8C63329F0B3E900810EB2 /* RMLocation.swift in Sources */ = {isa = PBXBuildFile; fileRef = ECE8C63229F0B3E900810EB2 /* RMLocation.swift */; };
		ECE8C63529F0B41500810EB2 /* RMCharacter.swift in Sources */ = {isa = PBXBuildFile; fileRef = ECE8C63429F0B41500810EB2 /* RMCharacter.swift */; };
		ECE8C63729F0B43800810EB2 /* RMEpisode.swift in Sources */ = {isa = PBXBuildFile; fileRef = ECE8C63629F0B43800810EB2 /* RMEpisode.swift */; };
		ECE8C63A29F0B51D00810EB2 /* RMCharacterViewController.swift in Sources */ = {isa = PBXBuildFile; fileRef = ECE8C63929F0B51D00810EB2 /* RMCharacterViewController.swift */; };
		ECE8C63C29F0B53B00810EB2 /* RMLocationViewController.swift in Sources */ = {isa = PBXBuildFile; fileRef = ECE8C63B29F0B53B00810EB2 /* RMLocationViewController.swift */; };
		ECE8C63E29F0B55B00810EB2 /* RMEpisodeViewController.swift in Sources */ = {isa = PBXBuildFile; fileRef = ECE8C63D29F0B55B00810EB2 /* RMEpisodeViewController.swift */; };
		ECE8C64029F0B58200810EB2 /* RMSettingsViewController.swift in Sources */ = {isa = PBXBuildFile; fileRef = ECE8C63F29F0B58200810EB2 /* RMSettingsViewController.swift */; };
		ECE8C64229F3811900810EB2 /* RMService.swift in Sources */ = {isa = PBXBuildFile; fileRef = ECE8C64129F3811900810EB2 /* RMService.swift */; };
		ECE8C64429F3814400810EB2 /* RMRequest.swift in Sources */ = {isa = PBXBuildFile; fileRef = ECE8C64329F3814400810EB2 /* RMRequest.swift */; };
		ECE8C64629F3828000810EB2 /* RMEndpoint.swift in Sources */ = {isa = PBXBuildFile; fileRef = ECE8C64529F3828000810EB2 /* RMEndpoint.swift */; };
		ECE8C64829F8842500810EB2 /* RMOrigin.swift in Sources */ = {isa = PBXBuildFile; fileRef = ECE8C64729F8842500810EB2 /* RMOrigin.swift */; };
		ECE8C64A29F8852600810EB2 /* RMSingleLocation.swift in Sources */ = {isa = PBXBuildFile; fileRef = ECE8C64929F8852600810EB2 /* RMSingleLocation.swift */; };
		ECE8C64C29F8890B00810EB2 /* RMCharacterStatus.swift in Sources */ = {isa = PBXBuildFile; fileRef = ECE8C64B29F8890B00810EB2 /* RMCharacterStatus.swift */; };
		ECE8C64E29F8894200810EB2 /* RMCharacterGender.swift in Sources */ = {isa = PBXBuildFile; fileRef = ECE8C64D29F8894200810EB2 /* RMCharacterGender.swift */; };
/* End PBXBuildFile section */

/* Begin PBXFileReference section */
		ECE8C61529F0AE6F00810EB2 /* RickAndMorty.app */ = {isa = PBXFileReference; explicitFileType = wrapper.application; includeInIndex = 0; path = RickAndMorty.app; sourceTree = BUILT_PRODUCTS_DIR; };
		ECE8C61829F0AE6F00810EB2 /* AppDelegate.swift */ = {isa = PBXFileReference; lastKnownFileType = sourcecode.swift; path = AppDelegate.swift; sourceTree = "<group>"; };
		ECE8C61A29F0AE6F00810EB2 /* SceneDelegate.swift */ = {isa = PBXFileReference; lastKnownFileType = sourcecode.swift; path = SceneDelegate.swift; sourceTree = "<group>"; };
		ECE8C61C29F0AE6F00810EB2 /* RMTabBarController.swift */ = {isa = PBXFileReference; lastKnownFileType = sourcecode.swift; path = RMTabBarController.swift; sourceTree = "<group>"; };
		ECE8C62129F0AE7000810EB2 /* Assets.xcassets */ = {isa = PBXFileReference; lastKnownFileType = folder.assetcatalog; path = Assets.xcassets; sourceTree = "<group>"; };
		ECE8C62429F0AE7000810EB2 /* Base */ = {isa = PBXFileReference; lastKnownFileType = file.storyboard; name = Base; path = Base.lproj/LaunchScreen.storyboard; sourceTree = "<group>"; };
		ECE8C62629F0AE7000810EB2 /* Info.plist */ = {isa = PBXFileReference; lastKnownFileType = text.plist.xml; path = Info.plist; sourceTree = "<group>"; };
		ECE8C63229F0B3E900810EB2 /* RMLocation.swift */ = {isa = PBXFileReference; lastKnownFileType = sourcecode.swift; path = RMLocation.swift; sourceTree = "<group>"; };
		ECE8C63429F0B41500810EB2 /* RMCharacter.swift */ = {isa = PBXFileReference; lastKnownFileType = sourcecode.swift; path = RMCharacter.swift; sourceTree = "<group>"; };
		ECE8C63629F0B43800810EB2 /* RMEpisode.swift */ = {isa = PBXFileReference; lastKnownFileType = sourcecode.swift; path = RMEpisode.swift; sourceTree = "<group>"; };
		ECE8C63929F0B51D00810EB2 /* RMCharacterViewController.swift */ = {isa = PBXFileReference; lastKnownFileType = sourcecode.swift; path = RMCharacterViewController.swift; sourceTree = "<group>"; };
		ECE8C63B29F0B53B00810EB2 /* RMLocationViewController.swift */ = {isa = PBXFileReference; lastKnownFileType = sourcecode.swift; path = RMLocationViewController.swift; sourceTree = "<group>"; };
		ECE8C63D29F0B55B00810EB2 /* RMEpisodeViewController.swift */ = {isa = PBXFileReference; lastKnownFileType = sourcecode.swift; path = RMEpisodeViewController.swift; sourceTree = "<group>"; };
		ECE8C63F29F0B58200810EB2 /* RMSettingsViewController.swift */ = {isa = PBXFileReference; lastKnownFileType = sourcecode.swift; path = RMSettingsViewController.swift; sourceTree = "<group>"; };
		ECE8C64129F3811900810EB2 /* RMService.swift */ = {isa = PBXFileReference; lastKnownFileType = sourcecode.swift; path = RMService.swift; sourceTree = "<group>"; };
		ECE8C64329F3814400810EB2 /* RMRequest.swift */ = {isa = PBXFileReference; lastKnownFileType = sourcecode.swift; path = RMRequest.swift; sourceTree = "<group>"; };
		ECE8C64529F3828000810EB2 /* RMEndpoint.swift */ = {isa = PBXFileReference; lastKnownFileType = sourcecode.swift; path = RMEndpoint.swift; sourceTree = "<group>"; };
		ECE8C64729F8842500810EB2 /* RMOrigin.swift */ = {isa = PBXFileReference; lastKnownFileType = sourcecode.swift; path = RMOrigin.swift; sourceTree = "<group>"; };
		ECE8C64929F8852600810EB2 /* RMSingleLocation.swift */ = {isa = PBXFileReference; lastKnownFileType = sourcecode.swift; path = RMSingleLocation.swift; sourceTree = "<group>"; };
		ECE8C64B29F8890B00810EB2 /* RMCharacterStatus.swift */ = {isa = PBXFileReference; lastKnownFileType = sourcecode.swift; path = RMCharacterStatus.swift; sourceTree = "<group>"; };
		ECE8C64D29F8894200810EB2 /* RMCharacterGender.swift */ = {isa = PBXFileReference; lastKnownFileType = sourcecode.swift; path = RMCharacterGender.swift; sourceTree = "<group>"; };
/* End PBXFileReference section */

/* Begin PBXFrameworksBuildPhase section */
		ECE8C61229F0AE6F00810EB2 /* Frameworks */ = {
			isa = PBXFrameworksBuildPhase;
			buildActionMask = 2147483647;
			files = (
			);
			runOnlyForDeploymentPostprocessing = 0;
		};
/* End PBXFrameworksBuildPhase section */

/* Begin PBXGroup section */
		ECE8C60C29F0AE6F00810EB2 = {
			isa = PBXGroup;
			children = (
				ECE8C61729F0AE6F00810EB2 /* RickAndMorty */,
				ECE8C61629F0AE6F00810EB2 /* Products */,
			);
			sourceTree = "<group>";
		};
		ECE8C61629F0AE6F00810EB2 /* Products */ = {
			isa = PBXGroup;
			children = (
				ECE8C61529F0AE6F00810EB2 /* RickAndMorty.app */,
			);
			name = Products;
			sourceTree = "<group>";
		};
		ECE8C61729F0AE6F00810EB2 /* RickAndMorty */ = {
			isa = PBXGroup;
			children = (
				ECE8C63129F0B34400810EB2 /* Resources */,
				ECE8C63029F0B31F00810EB2 /* APIClient */,
				ECE8C62F29F0B20400810EB2 /* ViewModels */,
				ECE8C62E29F0B1F900810EB2 /* Views */,
				ECE8C62D29F0B1F000810EB2 /* Models */,
				ECE8C62C29F0B1DE00810EB2 /* Controllers */,
				ECE8C62629F0AE7000810EB2 /* Info.plist */,
			);
			path = RickAndMorty;
			sourceTree = "<group>";
		};
		ECE8C62C29F0B1DE00810EB2 /* Controllers */ = {
			isa = PBXGroup;
			children = (
				ECE8C63829F0B4A800810EB2 /* Core */,
			);
			path = Controllers;
			sourceTree = "<group>";
		};
		ECE8C62D29F0B1F000810EB2 /* Models */ = {
			isa = PBXGroup;
			children = (
				ECE8C63229F0B3E900810EB2 /* RMLocation.swift */,
				ECE8C63429F0B41500810EB2 /* RMCharacter.swift */,
				ECE8C63629F0B43800810EB2 /* RMEpisode.swift */,
				ECE8C64729F8842500810EB2 /* RMOrigin.swift */,
				ECE8C64929F8852600810EB2 /* RMSingleLocation.swift */,
				ECE8C64B29F8890B00810EB2 /* RMCharacterStatus.swift */,
				ECE8C64D29F8894200810EB2 /* RMCharacterGender.swift */,
			);
			path = Models;
			sourceTree = "<group>";
		};
		ECE8C62E29F0B1F900810EB2 /* Views */ = {
			isa = PBXGroup;
			children = (
			);
			path = Views;
			sourceTree = "<group>";
		};
		ECE8C62F29F0B20400810EB2 /* ViewModels */ = {
			isa = PBXGroup;
			children = (
			);
			path = ViewModels;
			sourceTree = "<group>";
		};
		ECE8C63029F0B31F00810EB2 /* APIClient */ = {
			isa = PBXGroup;
			children = (
				ECE8C64129F3811900810EB2 /* RMService.swift */,
				ECE8C64329F3814400810EB2 /* RMRequest.swift */,
				ECE8C64529F3828000810EB2 /* RMEndpoint.swift */,
			);
			path = APIClient;
			sourceTree = "<group>";
		};
		ECE8C63129F0B34400810EB2 /* Resources */ = {
			isa = PBXGroup;
			children = (
				ECE8C62129F0AE7000810EB2 /* Assets.xcassets */,
				ECE8C62329F0AE7000810EB2 /* LaunchScreen.storyboard */,
				ECE8C61829F0AE6F00810EB2 /* AppDelegate.swift */,
				ECE8C61A29F0AE6F00810EB2 /* SceneDelegate.swift */,
			);
			path = Resources;
			sourceTree = "<group>";
		};
		ECE8C63829F0B4A800810EB2 /* Core */ = {
			isa = PBXGroup;
			children = (
				ECE8C61C29F0AE6F00810EB2 /* RMTabBarController.swift */,
				ECE8C63929F0B51D00810EB2 /* RMCharacterViewController.swift */,
				ECE8C63B29F0B53B00810EB2 /* RMLocationViewController.swift */,
				ECE8C63D29F0B55B00810EB2 /* RMEpisodeViewController.swift */,
				ECE8C63F29F0B58200810EB2 /* RMSettingsViewController.swift */,
			);
			path = Core;
			sourceTree = "<group>";
		};
/* End PBXGroup section */

/* Begin PBXNativeTarget section */
		ECE8C61429F0AE6F00810EB2 /* RickAndMorty */ = {
			isa = PBXNativeTarget;
			buildConfigurationList = ECE8C62929F0AE7000810EB2 /* Build configuration list for PBXNativeTarget "RickAndMorty" */;
			buildPhases = (
				ECE8C61129F0AE6F00810EB2 /* Sources */,
				ECE8C61229F0AE6F00810EB2 /* Frameworks */,
				ECE8C61329F0AE6F00810EB2 /* Resources */,
			);
			buildRules = (
			);
			dependencies = (
			);
			name = RickAndMorty;
			productName = RickAndMorty;
			productReference = ECE8C61529F0AE6F00810EB2 /* RickAndMorty.app */;
			productType = "com.apple.product-type.application";
		};
/* End PBXNativeTarget section */

/* Begin PBXProject section */
		ECE8C60D29F0AE6F00810EB2 /* Project object */ = {
			isa = PBXProject;
			attributes = {
				BuildIndependentTargetsInParallel = 1;
				LastSwiftUpdateCheck = 1410;
				LastUpgradeCheck = 1410;
				TargetAttributes = {
					ECE8C61429F0AE6F00810EB2 = {
						CreatedOnToolsVersion = 14.1;
					};
				};
			};
			buildConfigurationList = ECE8C61029F0AE6F00810EB2 /* Build configuration list for PBXProject "RickAndMorty" */;
			compatibilityVersion = "Xcode 14.0";
			developmentRegion = en;
			hasScannedForEncodings = 0;
			knownRegions = (
				en,
				Base,
			);
			mainGroup = ECE8C60C29F0AE6F00810EB2;
			productRefGroup = ECE8C61629F0AE6F00810EB2 /* Products */;
			projectDirPath = "";
			projectRoot = "";
			targets = (
				ECE8C61429F0AE6F00810EB2 /* RickAndMorty */,
			);
		};
/* End PBXProject section */

/* Begin PBXResourcesBuildPhase section */
		ECE8C61329F0AE6F00810EB2 /* Resources */ = {
			isa = PBXResourcesBuildPhase;
			buildActionMask = 2147483647;
			files = (
				ECE8C62529F0AE7000810EB2 /* LaunchScreen.storyboard in Resources */,
				ECE8C62229F0AE7000810EB2 /* Assets.xcassets in Resources */,
			);
			runOnlyForDeploymentPostprocessing = 0;
		};
/* End PBXResourcesBuildPhase section */

/* Begin PBXSourcesBuildPhase section */
		ECE8C61129F0AE6F00810EB2 /* Sources */ = {
			isa = PBXSourcesBuildPhase;
			buildActionMask = 2147483647;
			files = (
				ECE8C64829F8842500810EB2 /* RMOrigin.swift in Sources */,
				ECE8C64A29F8852600810EB2 /* RMSingleLocation.swift in Sources */,
				ECE8C64C29F8890B00810EB2 /* RMCharacterStatus.swift in Sources */,
				ECE8C64E29F8894200810EB2 /* RMCharacterGender.swift in Sources */,
				ECE8C63C29F0B53B00810EB2 /* RMLocationViewController.swift in Sources */,
				ECE8C63729F0B43800810EB2 /* RMEpisode.swift in Sources */,
				ECE8C61D29F0AE6F00810EB2 /* RMTabBarController.swift in Sources */,
				ECE8C63E29F0B55B00810EB2 /* RMEpisodeViewController.swift in Sources */,
				ECE8C61929F0AE6F00810EB2 /* AppDelegate.swift in Sources */,
				ECE8C61B29F0AE6F00810EB2 /* SceneDelegate.swift in Sources */,
				ECE8C64029F0B58200810EB2 /* RMSettingsViewController.swift in Sources */,
				ECE8C64229F3811900810EB2 /* RMService.swift in Sources */,
				ECE8C63329F0B3E900810EB2 /* RMLocation.swift in Sources */,
				ECE8C64629F3828000810EB2 /* RMEndpoint.swift in Sources */,
				ECE8C63529F0B41500810EB2 /* RMCharacter.swift in Sources */,
				ECE8C64429F3814400810EB2 /* RMRequest.swift in Sources */,
				ECE8C63A29F0B51D00810EB2 /* RMCharacterViewController.swift in Sources */,
			);
			runOnlyForDeploymentPostprocessing = 0;
		};
/* End PBXSourcesBuildPhase section */

/* Begin PBXVariantGroup section */
		ECE8C62329F0AE7000810EB2 /* LaunchScreen.storyboard */ = {
			isa = PBXVariantGroup;
			children = (
				ECE8C62429F0AE7000810EB2 /* Base */,
			);
			name = LaunchScreen.storyboard;
			sourceTree = "<group>";
		};
/* End PBXVariantGroup section */

/* Begin XCBuildConfiguration section */
		ECE8C62729F0AE7000810EB2 /* Debug */ = {
			isa = XCBuildConfiguration;
			buildSettings = {
				ALWAYS_SEARCH_USER_PATHS = NO;
				CLANG_ANALYZER_NONNULL = YES;
				CLANG_ANALYZER_NUMBER_OBJECT_CONVERSION = YES_AGGRESSIVE;
				CLANG_CXX_LANGUAGE_STANDARD = "gnu++20";
				CLANG_ENABLE_MODULES = YES;
				CLANG_ENABLE_OBJC_ARC = YES;
				CLANG_ENABLE_OBJC_WEAK = YES;
				CLANG_WARN_BLOCK_CAPTURE_AUTORELEASING = YES;
				CLANG_WARN_BOOL_CONVERSION = YES;
				CLANG_WARN_COMMA = YES;
				CLANG_WARN_CONSTANT_CONVERSION = YES;
				CLANG_WARN_DEPRECATED_OBJC_IMPLEMENTATIONS = YES;
				CLANG_WARN_DIRECT_OBJC_ISA_USAGE = YES_ERROR;
				CLANG_WARN_DOCUMENTATION_COMMENTS = YES;
				CLANG_WARN_EMPTY_BODY = YES;
				CLANG_WARN_ENUM_CONVERSION = YES;
				CLANG_WARN_INFINITE_RECURSION = YES;
				CLANG_WARN_INT_CONVERSION = YES;
				CLANG_WARN_NON_LITERAL_NULL_CONVERSION = YES;
				CLANG_WARN_OBJC_IMPLICIT_RETAIN_SELF = YES;
				CLANG_WARN_OBJC_LITERAL_CONVERSION = YES;
				CLANG_WARN_OBJC_ROOT_CLASS = YES_ERROR;
				CLANG_WARN_QUOTED_INCLUDE_IN_FRAMEWORK_HEADER = YES;
				CLANG_WARN_RANGE_LOOP_ANALYSIS = YES;
				CLANG_WARN_STRICT_PROTOTYPES = YES;
				CLANG_WARN_SUSPICIOUS_MOVE = YES;
				CLANG_WARN_UNGUARDED_AVAILABILITY = YES_AGGRESSIVE;
				CLANG_WARN_UNREACHABLE_CODE = YES;
				CLANG_WARN__DUPLICATE_METHOD_MATCH = YES;
				COPY_PHASE_STRIP = NO;
				DEBUG_INFORMATION_FORMAT = dwarf;
				ENABLE_STRICT_OBJC_MSGSEND = YES;
				ENABLE_TESTABILITY = YES;
				GCC_C_LANGUAGE_STANDARD = gnu11;
				GCC_DYNAMIC_NO_PIC = NO;
				GCC_NO_COMMON_BLOCKS = YES;
				GCC_OPTIMIZATION_LEVEL = 0;
				GCC_PREPROCESSOR_DEFINITIONS = (
					"DEBUG=1",
					"$(inherited)",
				);
				GCC_WARN_64_TO_32_BIT_CONVERSION = YES;
				GCC_WARN_ABOUT_RETURN_TYPE = YES_ERROR;
				GCC_WARN_UNDECLARED_SELECTOR = YES;
				GCC_WARN_UNINITIALIZED_AUTOS = YES_AGGRESSIVE;
				GCC_WARN_UNUSED_FUNCTION = YES;
				GCC_WARN_UNUSED_VARIABLE = YES;
				IPHONEOS_DEPLOYMENT_TARGET = 16.1;
				MTL_ENABLE_DEBUG_INFO = INCLUDE_SOURCE;
				MTL_FAST_MATH = YES;
				ONLY_ACTIVE_ARCH = YES;
				SDKROOT = iphoneos;
				SWIFT_ACTIVE_COMPILATION_CONDITIONS = DEBUG;
				SWIFT_OPTIMIZATION_LEVEL = "-Onone";
			};
			name = Debug;
		};
		ECE8C62829F0AE7000810EB2 /* Release */ = {
			isa = XCBuildConfiguration;
			buildSettings = {
				ALWAYS_SEARCH_USER_PATHS = NO;
				CLANG_ANALYZER_NONNULL = YES;
				CLANG_ANALYZER_NUMBER_OBJECT_CONVERSION = YES_AGGRESSIVE;
				CLANG_CXX_LANGUAGE_STANDARD = "gnu++20";
				CLANG_ENABLE_MODULES = YES;
				CLANG_ENABLE_OBJC_ARC = YES;
				CLANG_ENABLE_OBJC_WEAK = YES;
				CLANG_WARN_BLOCK_CAPTURE_AUTORELEASING = YES;
				CLANG_WARN_BOOL_CONVERSION = YES;
				CLANG_WARN_COMMA = YES;
				CLANG_WARN_CONSTANT_CONVERSION = YES;
				CLANG_WARN_DEPRECATED_OBJC_IMPLEMENTATIONS = YES;
				CLANG_WARN_DIRECT_OBJC_ISA_USAGE = YES_ERROR;
				CLANG_WARN_DOCUMENTATION_COMMENTS = YES;
				CLANG_WARN_EMPTY_BODY = YES;
				CLANG_WARN_ENUM_CONVERSION = YES;
				CLANG_WARN_INFINITE_RECURSION = YES;
				CLANG_WARN_INT_CONVERSION = YES;
				CLANG_WARN_NON_LITERAL_NULL_CONVERSION = YES;
				CLANG_WARN_OBJC_IMPLICIT_RETAIN_SELF = YES;
				CLANG_WARN_OBJC_LITERAL_CONVERSION = YES;
				CLANG_WARN_OBJC_ROOT_CLASS = YES_ERROR;
				CLANG_WARN_QUOTED_INCLUDE_IN_FRAMEWORK_HEADER = YES;
				CLANG_WARN_RANGE_LOOP_ANALYSIS = YES;
				CLANG_WARN_STRICT_PROTOTYPES = YES;
				CLANG_WARN_SUSPICIOUS_MOVE = YES;
				CLANG_WARN_UNGUARDED_AVAILABILITY = YES_AGGRESSIVE;
				CLANG_WARN_UNREACHABLE_CODE = YES;
				CLANG_WARN__DUPLICATE_METHOD_MATCH = YES;
				COPY_PHASE_STRIP = NO;
				DEBUG_INFORMATION_FORMAT = "dwarf-with-dsym";
				ENABLE_NS_ASSERTIONS = NO;
				ENABLE_STRICT_OBJC_MSGSEND = YES;
				GCC_C_LANGUAGE_STANDARD = gnu11;
				GCC_NO_COMMON_BLOCKS = YES;
				GCC_WARN_64_TO_32_BIT_CONVERSION = YES;
				GCC_WARN_ABOUT_RETURN_TYPE = YES_ERROR;
				GCC_WARN_UNDECLARED_SELECTOR = YES;
				GCC_WARN_UNINITIALIZED_AUTOS = YES_AGGRESSIVE;
				GCC_WARN_UNUSED_FUNCTION = YES;
				GCC_WARN_UNUSED_VARIABLE = YES;
				IPHONEOS_DEPLOYMENT_TARGET = 16.1;
				MTL_ENABLE_DEBUG_INFO = NO;
				MTL_FAST_MATH = YES;
				SDKROOT = iphoneos;
				SWIFT_COMPILATION_MODE = wholemodule;
				SWIFT_OPTIMIZATION_LEVEL = "-O";
				VALIDATE_PRODUCT = YES;
			};
			name = Release;
		};
		ECE8C62A29F0AE7000810EB2 /* Debug */ = {
			isa = XCBuildConfiguration;
			buildSettings = {
				ASSETCATALOG_COMPILER_APPICON_NAME = AppIcon;
				ASSETCATALOG_COMPILER_GLOBAL_ACCENT_COLOR_NAME = AccentColor;
				CODE_SIGN_STYLE = Automatic;
				CURRENT_PROJECT_VERSION = 1;
				GENERATE_INFOPLIST_FILE = YES;
				INFOPLIST_FILE = RickAndMorty/Info.plist;
				INFOPLIST_KEY_UIApplicationSupportsIndirectInputEvents = YES;
				INFOPLIST_KEY_UILaunchStoryboardName = LaunchScreen;
				INFOPLIST_KEY_UISupportedInterfaceOrientations_iPad = "UIInterfaceOrientationPortrait UIInterfaceOrientationPortraitUpsideDown UIInterfaceOrientationLandscapeLeft UIInterfaceOrientationLandscapeRight";
				INFOPLIST_KEY_UISupportedInterfaceOrientations_iPhone = "UIInterfaceOrientationPortrait UIInterfaceOrientationLandscapeLeft UIInterfaceOrientationLandscapeRight";
				LD_RUNPATH_SEARCH_PATHS = (
					"$(inherited)",
					"@executable_path/Frameworks",
				);
				MARKETING_VERSION = 1.0;
				PRODUCT_BUNDLE_IDENTIFIER = com.NicholasGilbert.RickAndMorty;
				PRODUCT_NAME = "$(TARGET_NAME)";
				SWIFT_EMIT_LOC_STRINGS = YES;
				SWIFT_VERSION = 5.0;
				TARGETED_DEVICE_FAMILY = "1,2";
			};
			name = Debug;
		};
		ECE8C62B29F0AE7000810EB2 /* Release */ = {
			isa = XCBuildConfiguration;
			buildSettings = {
				ASSETCATALOG_COMPILER_APPICON_NAME = AppIcon;
				ASSETCATALOG_COMPILER_GLOBAL_ACCENT_COLOR_NAME = AccentColor;
				CODE_SIGN_STYLE = Automatic;
				CURRENT_PROJECT_VERSION = 1;
				GENERATE_INFOPLIST_FILE = YES;
				INFOPLIST_FILE = RickAndMorty/Info.plist;
				INFOPLIST_KEY_UIApplicationSupportsIndirectInputEvents = YES;
				INFOPLIST_KEY_UILaunchStoryboardName = LaunchScreen;
				INFOPLIST_KEY_UISupportedInterfaceOrientations_iPad = "UIInterfaceOrientationPortrait UIInterfaceOrientationPortraitUpsideDown UIInterfaceOrientationLandscapeLeft UIInterfaceOrientationLandscapeRight";
				INFOPLIST_KEY_UISupportedInterfaceOrientations_iPhone = "UIInterfaceOrientationPortrait UIInterfaceOrientationLandscapeLeft UIInterfaceOrientationLandscapeRight";
				LD_RUNPATH_SEARCH_PATHS = (
					"$(inherited)",
					"@executable_path/Frameworks",
				);
				MARKETING_VERSION = 1.0;
				PRODUCT_BUNDLE_IDENTIFIER = com.NicholasGilbert.RickAndMorty;
				PRODUCT_NAME = "$(TARGET_NAME)";
				SWIFT_EMIT_LOC_STRINGS = YES;
				SWIFT_VERSION = 5.0;
				TARGETED_DEVICE_FAMILY = "1,2";
			};
			name = Release;
		};
/* End XCBuildConfiguration section */

/* Begin XCConfigurationList section */
		ECE8C61029F0AE6F00810EB2 /* Build configuration list for PBXProject "RickAndMorty" */ = {
			isa = XCConfigurationList;
			buildConfigurations = (
				ECE8C62729F0AE7000810EB2 /* Debug */,
				ECE8C62829F0AE7000810EB2 /* Release */,
			);
			defaultConfigurationIsVisible = 0;
			defaultConfigurationName = Release;
		};
		ECE8C62929F0AE7000810EB2 /* Build configuration list for PBXNativeTarget "RickAndMorty" */ = {
			isa = XCConfigurationList;
			buildConfigurations = (
				ECE8C62A29F0AE7000810EB2 /* Debug */,
				ECE8C62B29F0AE7000810EB2 /* Release */,
			);
			defaultConfigurationIsVisible = 0;
			defaultConfigurationName = Release;
		};
/* End XCConfigurationList section */
	};
	rootObject = ECE8C60D29F0AE6F00810EB2 /* Project object */;
}
